
Microsoft Visual Studio Solution File, Format Version 12.00
# Visual Studio Version 16
VisualStudioVersion = 16.0.31229.75
MinimumVisualStudioVersion = 10.0.40219.1
Project("{FAE04EC0-301F-11D3-BF4B-00C04F79EFBC}") = "PersonalTrainerWorkouts.UWP", "PersonalTrainerWorkouts\PersonalTrainerWorkouts.UWP\PersonalTrainerWorkouts.UWP.csproj", "{146FB44D-13AC-4A06-AC80-C2EB0A96671B}"
EndProject
Project("{FAE04EC0-301F-11D3-BF4B-00C04F79EFBC}") = "PersonalTrainerWorkouts.Android", "PersonalTrainerWorkouts\PersonalTrainerWorkouts.Android\PersonalTrainerWorkouts.Android.csproj", "{6C36F251-BF0A-4EF4-9703-377A96AA0BB7}"
EndProject
Project("{FAE04EC0-301F-11D3-BF4B-00C04F79EFBC}") = "PersonalTrainerWorkouts.iOS", "PersonalTrainerWorkouts\PersonalTrainerWorkouts.iOS\PersonalTrainerWorkouts.iOS.csproj", "{30ADA1C3-11E9-4C29-BB4F-FF0028E0106C}"
EndProject
Project("{9A19103F-16F7-4668-BE54-9A1E7A4F7556}") = "PersonalTrainerWorkouts", "PersonalTrainerWorkouts\PersonalTrainerWorkouts\PersonalTrainerWorkouts.csproj", "{A5DDD988-41CF-455B-8A86-A1F067D0B11D}"
EndProject
Project("{9A19103F-16F7-4668-BE54-9A1E7A4F7556}") = "Tests", "Tests\Tests.csproj", "{546A008C-53BE-4B01-B43B-E5139216B31F}"
EndProject
Project("{2150E333-8FDC-42A3-9474-1A3956D46DE8}") = "Solution Items", "Solution Items", "{1BB185AD-5828-4B5B-BFF3-D789223DCF5C}"
	ProjectSection(SolutionItems) = preProject
		.editorconfig = .editorconfig
	EndProjectSection
EndProject
Project("{9A19103F-16F7-4668-BE54-9A1E7A4F7556}") = "Avails", "..\Avails\Avails\Avails.csproj", "{0602CF74-F86F-42EC-A524-7790D3F55606}"
EndProject
Project("{2150E333-8FDC-42A3-9474-1A3956D46DE8}") = "Targets", "Targets", "{B85B79D7-6536-448E-B9F5-C42B0843E322}"
EndProject
Global
	GlobalSection(SolutionConfigurationPlatforms) = preSolution
		Debug|Any CPU = Debug|Any CPU
		Debug|ARM = Debug|ARM
		Debug|iPhone = Debug|iPhone
		Debug|iPhoneSimulator = Debug|iPhoneSimulator
		Debug|x64 = Debug|x64
		Debug|x86 = Debug|x86
		Release|Any CPU = Release|Any CPU
		Release|ARM = Release|ARM
		Release|iPhone = Release|iPhone
		Release|iPhoneSimulator = Release|iPhoneSimulator
		Release|x64 = Release|x64
		Release|x86 = Release|x86
	EndGlobalSection
	GlobalSection(ProjectConfigurationPlatforms) = postSolution
		{146FB44D-13AC-4A06-AC80-C2EB0A96671B}.Debug|Any CPU.ActiveCfg = Debug|x86
		{146FB44D-13AC-4A06-AC80-C2EB0A96671B}.Debug|Any CPU.Build.0 = Debug|x86
		{146FB44D-13AC-4A06-AC80-C2EB0A96671B}.Debug|Any CPU.Deploy.0 = Debug|x86
		{146FB44D-13AC-4A06-AC80-C2EB0A96671B}.Debug|ARM.ActiveCfg = Debug|ARM
		{146FB44D-13AC-4A06-AC80-C2EB0A96671B}.Debug|ARM.Build.0 = Debug|ARM
		{146FB44D-13AC-4A06-AC80-C2EB0A96671B}.Debug|ARM.Deploy.0 = Debug|ARM
		{146FB44D-13AC-4A06-AC80-C2EB0A96671B}.Debug|iPhone.ActiveCfg = Debug|x86
		{146FB44D-13AC-4A06-AC80-C2EB0A96671B}.Debug|iPhone.Build.0 = Debug|x86
		{146FB44D-13AC-4A06-AC80-C2EB0A96671B}.Debug|iPhone.Deploy.0 = Debug|x86
		{146FB44D-13AC-4A06-AC80-C2EB0A96671B}.Debug|iPhoneSimulator.ActiveCfg = Debug|x86
		{146FB44D-13AC-4A06-AC80-C2EB0A96671B}.Debug|iPhoneSimulator.Build.0 = Debug|x86
		{146FB44D-13AC-4A06-AC80-C2EB0A96671B}.Debug|iPhoneSimulator.Deploy.0 = Debug|x86
		{146FB44D-13AC-4A06-AC80-C2EB0A96671B}.Debug|x64.ActiveCfg = Debug|x64
		{146FB44D-13AC-4A06-AC80-C2EB0A96671B}.Debug|x64.Build.0 = Debug|x64
		{146FB44D-13AC-4A06-AC80-C2EB0A96671B}.Debug|x64.Deploy.0 = Debug|x64
		{146FB44D-13AC-4A06-AC80-C2EB0A96671B}.Debug|x86.ActiveCfg = Debug|x86
		{146FB44D-13AC-4A06-AC80-C2EB0A96671B}.Debug|x86.Build.0 = Debug|x86
		{146FB44D-13AC-4A06-AC80-C2EB0A96671B}.Debug|x86.Deploy.0 = Debug|x86
		{146FB44D-13AC-4A06-AC80-C2EB0A96671B}.Release|Any CPU.ActiveCfg = Release|x86
		{146FB44D-13AC-4A06-AC80-C2EB0A96671B}.Release|Any CPU.Build.0 = Release|x86
		{146FB44D-13AC-4A06-AC80-C2EB0A96671B}.Release|Any CPU.Deploy.0 = Release|x86
		{146FB44D-13AC-4A06-AC80-C2EB0A96671B}.Release|ARM.ActiveCfg = Release|ARM
		{146FB44D-13AC-4A06-AC80-C2EB0A96671B}.Release|ARM.Build.0 = Release|ARM
		{146FB44D-13AC-4A06-AC80-C2EB0A96671B}.Release|ARM.Deploy.0 = Release|ARM
		{146FB44D-13AC-4A06-AC80-C2EB0A96671B}.Release|iPhone.ActiveCfg = Release|x86
		{146FB44D-13AC-4A06-AC80-C2EB0A96671B}.Release|iPhone.Build.0 = Release|x86
		{146FB44D-13AC-4A06-AC80-C2EB0A96671B}.Release|iPhone.Deploy.0 = Release|x86
		{146FB44D-13AC-4A06-AC80-C2EB0A96671B}.Release|iPhoneSimulator.ActiveCfg = Release|x86
		{146FB44D-13AC-4A06-AC80-C2EB0A96671B}.Release|iPhoneSimulator.Build.0 = Release|x86
		{146FB44D-13AC-4A06-AC80-C2EB0A96671B}.Release|iPhoneSimulator.Deploy.0 = Release|x86
		{146FB44D-13AC-4A06-AC80-C2EB0A96671B}.Release|x64.ActiveCfg = Release|x64
		{146FB44D-13AC-4A06-AC80-C2EB0A96671B}.Release|x64.Build.0 = Release|x64
		{146FB44D-13AC-4A06-AC80-C2EB0A96671B}.Release|x64.Deploy.0 = Release|x64
		{146FB44D-13AC-4A06-AC80-C2EB0A96671B}.Release|x86.ActiveCfg = Release|x86
		{146FB44D-13AC-4A06-AC80-C2EB0A96671B}.Release|x86.Build.0 = Release|x86
		{146FB44D-13AC-4A06-AC80-C2EB0A96671B}.Release|x86.Deploy.0 = Release|x86
		{6C36F251-BF0A-4EF4-9703-377A96AA0BB7}.Debug|Any CPU.ActiveCfg = Debug|Any CPU
		{6C36F251-BF0A-4EF4-9703-377A96AA0BB7}.Debug|Any CPU.Build.0 = Debug|Any CPU
		{6C36F251-BF0A-4EF4-9703-377A96AA0BB7}.Debug|Any CPU.Deploy.0 = Debug|Any CPU
		{6C36F251-BF0A-4EF4-9703-377A96AA0BB7}.Debug|ARM.ActiveCfg = Debug|Any CPU
		{6C36F251-BF0A-4EF4-9703-377A96AA0BB7}.Debug|ARM.Build.0 = Debug|Any CPU
		{6C36F251-BF0A-4EF4-9703-377A96AA0BB7}.Debug|ARM.Deploy.0 = Debug|Any CPU
		{6C36F251-BF0A-4EF4-9703-377A96AA0BB7}.Debug|iPhone.ActiveCfg = Debug|Any CPU
		{6C36F251-BF0A-4EF4-9703-377A96AA0BB7}.Debug|iPhone.Build.0 = Debug|Any CPU
		{6C36F251-BF0A-4EF4-9703-377A96AA0BB7}.Debug|iPhone.Deploy.0 = Debug|Any CPU
		{6C36F251-BF0A-4EF4-9703-377A96AA0BB7}.Debug|iPhoneSimulator.ActiveCfg = Debug|Any CPU
		{6C36F251-BF0A-4EF4-9703-377A96AA0BB7}.Debug|iPhoneSimulator.Build.0 = Debug|Any CPU
		{6C36F251-BF0A-4EF4-9703-377A96AA0BB7}.Debug|iPhoneSimulator.Deploy.0 = Debug|Any CPU
		{6C36F251-BF0A-4EF4-9703-377A96AA0BB7}.Debug|x64.ActiveCfg = Debug|Any CPU
		{6C36F251-BF0A-4EF4-9703-377A96AA0BB7}.Debug|x64.Build.0 = Debug|Any CPU
		{6C36F251-BF0A-4EF4-9703-377A96AA0BB7}.Debug|x64.Deploy.0 = Debug|Any CPU
		{6C36F251-BF0A-4EF4-9703-377A96AA0BB7}.Debug|x86.ActiveCfg = Debug|Any CPU
		{6C36F251-BF0A-4EF4-9703-377A96AA0BB7}.Debug|x86.Build.0 = Debug|Any CPU
		{6C36F251-BF0A-4EF4-9703-377A96AA0BB7}.Debug|x86.Deploy.0 = Debug|Any CPU
		{6C36F251-BF0A-4EF4-9703-377A96AA0BB7}.Release|Any CPU.ActiveCfg = Release|Any CPU
		{6C36F251-BF0A-4EF4-9703-377A96AA0BB7}.Release|Any CPU.Build.0 = Release|Any CPU
		{6C36F251-BF0A-4EF4-9703-377A96AA0BB7}.Release|Any CPU.Deploy.0 = Release|Any CPU
		{6C36F251-BF0A-4EF4-9703-377A96AA0BB7}.Release|ARM.ActiveCfg = Release|Any CPU
		{6C36F251-BF0A-4EF4-9703-377A96AA0BB7}.Release|ARM.Build.0 = Release|Any CPU
		{6C36F251-BF0A-4EF4-9703-377A96AA0BB7}.Release|ARM.Deploy.0 = Release|Any CPU
		{6C36F251-BF0A-4EF4-9703-377A96AA0BB7}.Release|iPhone.ActiveCfg = Release|Any CPU
		{6C36F251-BF0A-4EF4-9703-377A96AA0BB7}.Release|iPhone.Build.0 = Release|Any CPU
		{6C36F251-BF0A-4EF4-9703-377A96AA0BB7}.Release|iPhone.Deploy.0 = Release|Any CPU
		{6C36F251-BF0A-4EF4-9703-377A96AA0BB7}.Release|iPhoneSimulator.ActiveCfg = Release|Any CPU
		{6C36F251-BF0A-4EF4-9703-377A96AA0BB7}.Release|iPhoneSimulator.Build.0 = Release|Any CPU
		{6C36F251-BF0A-4EF4-9703-377A96AA0BB7}.Release|iPhoneSimulator.Deploy.0 = Release|Any CPU
		{6C36F251-BF0A-4EF4-9703-377A96AA0BB7}.Release|x64.ActiveCfg = Release|Any CPU
		{6C36F251-BF0A-4EF4-9703-377A96AA0BB7}.Release|x64.Build.0 = Release|Any CPU
		{6C36F251-BF0A-4EF4-9703-377A96AA0BB7}.Release|x64.Deploy.0 = Release|Any CPU
		{6C36F251-BF0A-4EF4-9703-377A96AA0BB7}.Release|x86.ActiveCfg = Release|Any CPU
		{6C36F251-BF0A-4EF4-9703-377A96AA0BB7}.Release|x86.Build.0 = Release|Any CPU
		{6C36F251-BF0A-4EF4-9703-377A96AA0BB7}.Release|x86.Deploy.0 = Release|Any CPU
		{30ADA1C3-11E9-4C29-BB4F-FF0028E0106C}.Debug|Any CPU.ActiveCfg = Debug|iPhoneSimulator
		{30ADA1C3-11E9-4C29-BB4F-FF0028E0106C}.Debug|Any CPU.Build.0 = Debug|iPhoneSimulator
		{30ADA1C3-11E9-4C29-BB4F-FF0028E0106C}.Debug|Any CPU.Deploy.0 = Debug|iPhoneSimulator
		{30ADA1C3-11E9-4C29-BB4F-FF0028E0106C}.Debug|ARM.ActiveCfg = Debug|iPhone
		{30ADA1C3-11E9-4C29-BB4F-FF0028E0106C}.Debug|ARM.Build.0 = Debug|iPhone
		{30ADA1C3-11E9-4C29-BB4F-FF0028E0106C}.Debug|ARM.Deploy.0 = Debug|iPhone
		{30ADA1C3-11E9-4C29-BB4F-FF0028E0106C}.Debug|iPhone.ActiveCfg = Debug|iPhone
		{30ADA1C3-11E9-4C29-BB4F-FF0028E0106C}.Debug|iPhone.Build.0 = Debug|iPhone
		{30ADA1C3-11E9-4C29-BB4F-FF0028E0106C}.Debug|iPhone.Deploy.0 = Debug|iPhone
		{30ADA1C3-11E9-4C29-BB4F-FF0028E0106C}.Debug|iPhoneSimulator.ActiveCfg = Debug|iPhoneSimulator
		{30ADA1C3-11E9-4C29-BB4F-FF0028E0106C}.Debug|iPhoneSimulator.Build.0 = Debug|iPhoneSimulator
		{30ADA1C3-11E9-4C29-BB4F-FF0028E0106C}.Debug|iPhoneSimulator.Deploy.0 = Debug|iPhoneSimulator
		{30ADA1C3-11E9-4C29-BB4F-FF0028E0106C}.Debug|x64.ActiveCfg = Debug|iPhoneSimulator
		{30ADA1C3-11E9-4C29-BB4F-FF0028E0106C}.Debug|x64.Build.0 = Debug|iPhoneSimulator
		{30ADA1C3-11E9-4C29-BB4F-FF0028E0106C}.Debug|x64.Deploy.0 = Debug|iPhoneSimulator
		{30ADA1C3-11E9-4C29-BB4F-FF0028E0106C}.Debug|x86.ActiveCfg = Debug|iPhoneSimulator
		{30ADA1C3-11E9-4C29-BB4F-FF0028E0106C}.Debug|x86.Build.0 = Debug|iPhoneSimulator
		{30ADA1C3-11E9-4C29-BB4F-FF0028E0106C}.Debug|x86.Deploy.0 = Debug|iPhoneSimulator
		{30ADA1C3-11E9-4C29-BB4F-FF0028E0106C}.Release|Any CPU.ActiveCfg = Release|iPhoneSimulator
		{30ADA1C3-11E9-4C29-BB4F-FF0028E0106C}.Release|Any CPU.Build.0 = Release|iPhoneSimulator
		{30ADA1C3-11E9-4C29-BB4F-FF0028E0106C}.Release|Any CPU.Deploy.0 = Release|iPhoneSimulator
		{30ADA1C3-11E9-4C29-BB4F-FF0028E0106C}.Release|ARM.ActiveCfg = Release|iPhoneSimulator
		{30ADA1C3-11E9-4C29-BB4F-FF0028E0106C}.Release|ARM.Build.0 = Release|iPhoneSimulator
		{30ADA1C3-11E9-4C29-BB4F-FF0028E0106C}.Release|ARM.Deploy.0 = Release|iPhoneSimulator
		{30ADA1C3-11E9-4C29-BB4F-FF0028E0106C}.Release|iPhone.ActiveCfg = Release|iPhone
		{30ADA1C3-11E9-4C29-BB4F-FF0028E0106C}.Release|iPhone.Build.0 = Release|iPhone
		{30ADA1C3-11E9-4C29-BB4F-FF0028E0106C}.Release|iPhone.Deploy.0 = Release|iPhone
		{30ADA1C3-11E9-4C29-BB4F-FF0028E0106C}.Release|iPhoneSimulator.ActiveCfg = Release|iPhoneSimulator
		{30ADA1C3-11E9-4C29-BB4F-FF0028E0106C}.Release|iPhoneSimulator.Build.0 = Release|iPhoneSimulator
		{30ADA1C3-11E9-4C29-BB4F-FF0028E0106C}.Release|iPhoneSimulator.Deploy.0 = Release|iPhoneSimulator
		{30ADA1C3-11E9-4C29-BB4F-FF0028E0106C}.Release|x64.ActiveCfg = Release|iPhoneSimulator
		{30ADA1C3-11E9-4C29-BB4F-FF0028E0106C}.Release|x64.Build.0 = Release|iPhoneSimulator
		{30ADA1C3-11E9-4C29-BB4F-FF0028E0106C}.Release|x64.Deploy.0 = Release|iPhoneSimulator
		{30ADA1C3-11E9-4C29-BB4F-FF0028E0106C}.Release|x86.ActiveCfg = Release|iPhoneSimulator
		{30ADA1C3-11E9-4C29-BB4F-FF0028E0106C}.Release|x86.Build.0 = Release|iPhoneSimulator
		{30ADA1C3-11E9-4C29-BB4F-FF0028E0106C}.Release|x86.Deploy.0 = Release|iPhoneSimulator
		{A5DDD988-41CF-455B-8A86-A1F067D0B11D}.Debug|Any CPU.ActiveCfg = Debug|Any CPU
		{A5DDD988-41CF-455B-8A86-A1F067D0B11D}.Debug|Any CPU.Build.0 = Debug|Any CPU
		{A5DDD988-41CF-455B-8A86-A1F067D0B11D}.Debug|Any CPU.Deploy.0 = Debug|Any CPU
		{A5DDD988-41CF-455B-8A86-A1F067D0B11D}.Debug|ARM.ActiveCfg = Debug|Any CPU
		{A5DDD988-41CF-455B-8A86-A1F067D0B11D}.Debug|ARM.Build.0 = Debug|Any CPU
		{A5DDD988-41CF-455B-8A86-A1F067D0B11D}.Debug|ARM.Deploy.0 = Debug|Any CPU
		{A5DDD988-41CF-455B-8A86-A1F067D0B11D}.Debug|iPhone.ActiveCfg = Debug|Any CPU
		{A5DDD988-41CF-455B-8A86-A1F067D0B11D}.Debug|iPhone.Build.0 = Debug|Any CPU
		{A5DDD988-41CF-455B-8A86-A1F067D0B11D}.Debug|iPhone.Deploy.0 = Debug|Any CPU
		{A5DDD988-41CF-455B-8A86-A1F067D0B11D}.Debug|iPhoneSimulator.ActiveCfg = Debug|Any CPU
		{A5DDD988-41CF-455B-8A86-A1F067D0B11D}.Debug|iPhoneSimulator.Build.0 = Debug|Any CPU
		{A5DDD988-41CF-455B-8A86-A1F067D0B11D}.Debug|iPhoneSimulator.Deploy.0 = Debug|Any CPU
		{A5DDD988-41CF-455B-8A86-A1F067D0B11D}.Debug|x64.ActiveCfg = Debug|Any CPU
		{A5DDD988-41CF-455B-8A86-A1F067D0B11D}.Debug|x64.Build.0 = Debug|Any CPU
		{A5DDD988-41CF-455B-8A86-A1F067D0B11D}.Debug|x64.Deploy.0 = Debug|Any CPU
		{A5DDD988-41CF-455B-8A86-A1F067D0B11D}.Debug|x86.ActiveCfg = Debug|Any CPU
		{A5DDD988-41CF-455B-8A86-A1F067D0B11D}.Debug|x86.Build.0 = Debug|Any CPU
		{A5DDD988-41CF-455B-8A86-A1F067D0B11D}.Debug|x86.Deploy.0 = Debug|Any CPU
		{A5DDD988-41CF-455B-8A86-A1F067D0B11D}.Release|Any CPU.ActiveCfg = Release|Any CPU
		{A5DDD988-41CF-455B-8A86-A1F067D0B11D}.Release|Any CPU.Build.0 = Release|Any CPU
		{A5DDD988-41CF-455B-8A86-A1F067D0B11D}.Release|Any CPU.Deploy.0 = Release|Any CPU
		{A5DDD988-41CF-455B-8A86-A1F067D0B11D}.Release|ARM.ActiveCfg = Release|Any CPU
		{A5DDD988-41CF-455B-8A86-A1F067D0B11D}.Release|ARM.Build.0 = Release|Any CPU
		{A5DDD988-41CF-455B-8A86-A1F067D0B11D}.Release|ARM.Deploy.0 = Release|Any CPU
		{A5DDD988-41CF-455B-8A86-A1F067D0B11D}.Release|iPhone.ActiveCfg = Release|Any CPU
		{A5DDD988-41CF-455B-8A86-A1F067D0B11D}.Release|iPhone.Build.0 = Release|Any CPU
		{A5DDD988-41CF-455B-8A86-A1F067D0B11D}.Release|iPhone.Deploy.0 = Release|Any CPU
		{A5DDD988-41CF-455B-8A86-A1F067D0B11D}.Release|iPhoneSimulator.ActiveCfg = Release|Any CPU
		{A5DDD988-41CF-455B-8A86-A1F067D0B11D}.Release|iPhoneSimulator.Build.0 = Release|Any CPU
		{A5DDD988-41CF-455B-8A86-A1F067D0B11D}.Release|iPhoneSimulator.Deploy.0 = Release|Any CPU
		{A5DDD988-41CF-455B-8A86-A1F067D0B11D}.Release|x64.ActiveCfg = Release|Any CPU
		{A5DDD988-41CF-455B-8A86-A1F067D0B11D}.Release|x64.Build.0 = Release|Any CPU
		{A5DDD988-41CF-455B-8A86-A1F067D0B11D}.Release|x64.Deploy.0 = Release|Any CPU
		{A5DDD988-41CF-455B-8A86-A1F067D0B11D}.Release|x86.ActiveCfg = Release|Any CPU
		{A5DDD988-41CF-455B-8A86-A1F067D0B11D}.Release|x86.Build.0 = Release|Any CPU
		{A5DDD988-41CF-455B-8A86-A1F067D0B11D}.Release|x86.Deploy.0 = Release|Any CPU
		{546A008C-53BE-4B01-B43B-E5139216B31F}.Debug|Any CPU.ActiveCfg = Debug|Any CPU
		{546A008C-53BE-4B01-B43B-E5139216B31F}.Debug|Any CPU.Build.0 = Debug|Any CPU
		{546A008C-53BE-4B01-B43B-E5139216B31F}.Debug|ARM.ActiveCfg = Debug|Any CPU
		{546A008C-53BE-4B01-B43B-E5139216B31F}.Debug|ARM.Build.0 = Debug|Any CPU
		{546A008C-53BE-4B01-B43B-E5139216B31F}.Debug|iPhone.ActiveCfg = Debug|Any CPU
		{546A008C-53BE-4B01-B43B-E5139216B31F}.Debug|iPhone.Build.0 = Debug|Any CPU
		{546A008C-53BE-4B01-B43B-E5139216B31F}.Debug|iPhoneSimulator.ActiveCfg = Debug|Any CPU
		{546A008C-53BE-4B01-B43B-E5139216B31F}.Debug|iPhoneSimulator.Build.0 = Debug|Any CPU
		{546A008C-53BE-4B01-B43B-E5139216B31F}.Debug|x64.ActiveCfg = Debug|Any CPU
		{546A008C-53BE-4B01-B43B-E5139216B31F}.Debug|x64.Build.0 = Debug|Any CPU
		{546A008C-53BE-4B01-B43B-E5139216B31F}.Debug|x86.ActiveCfg = Debug|Any CPU
		{546A008C-53BE-4B01-B43B-E5139216B31F}.Debug|x86.Build.0 = Debug|Any CPU
		{546A008C-53BE-4B01-B43B-E5139216B31F}.Release|Any CPU.ActiveCfg = Release|Any CPU
		{546A008C-53BE-4B01-B43B-E5139216B31F}.Release|Any CPU.Build.0 = Release|Any CPU
		{546A008C-53BE-4B01-B43B-E5139216B31F}.Release|ARM.ActiveCfg = Release|Any CPU
		{546A008C-53BE-4B01-B43B-E5139216B31F}.Release|ARM.Build.0 = Release|Any CPU
		{546A008C-53BE-4B01-B43B-E5139216B31F}.Release|iPhone.ActiveCfg = Release|Any CPU
		{546A008C-53BE-4B01-B43B-E5139216B31F}.Release|iPhone.Build.0 = Release|Any CPU
		{546A008C-53BE-4B01-B43B-E5139216B31F}.Release|iPhoneSimulator.ActiveCfg = Release|Any CPU
		{546A008C-53BE-4B01-B43B-E5139216B31F}.Release|iPhoneSimulator.Build.0 = Release|Any CPU
		{546A008C-53BE-4B01-B43B-E5139216B31F}.Release|x64.ActiveCfg = Release|Any CPU
		{546A008C-53BE-4B01-B43B-E5139216B31F}.Release|x64.Build.0 = Release|Any CPU
		{546A008C-53BE-4B01-B43B-E5139216B31F}.Release|x86.ActiveCfg = Release|Any CPU
		{546A008C-53BE-4B01-B43B-E5139216B31F}.Release|x86.Build.0 = Release|Any CPU
		{0602CF74-F86F-42EC-A524-7790D3F55606}.Debug|Any CPU.ActiveCfg = Debug|Any CPU
		{0602CF74-F86F-42EC-A524-7790D3F55606}.Debug|Any CPU.Build.0 = Debug|Any CPU
		{0602CF74-F86F-42EC-A524-7790D3F55606}.Debug|ARM.ActiveCfg = Debug|Any CPU
		{0602CF74-F86F-42EC-A524-7790D3F55606}.Debug|ARM.Build.0 = Debug|Any CPU
		{0602CF74-F86F-42EC-A524-7790D3F55606}.Debug|iPhone.ActiveCfg = Debug|Any CPU
		{0602CF74-F86F-42EC-A524-7790D3F55606}.Debug|iPhone.Build.0 = Debug|Any CPU
		{0602CF74-F86F-42EC-A524-7790D3F55606}.Debug|iPhoneSimulator.ActiveCfg = Debug|Any CPU
		{0602CF74-F86F-42EC-A524-7790D3F55606}.Debug|iPhoneSimulator.Build.0 = Debug|Any CPU
		{0602CF74-F86F-42EC-A524-7790D3F55606}.Debug|x64.ActiveCfg = Debug|Any CPU
		{0602CF74-F86F-42EC-A524-7790D3F55606}.Debug|x64.Build.0 = Debug|Any CPU
		{0602CF74-F86F-42EC-A524-7790D3F55606}.Debug|x86.ActiveCfg = Debug|Any CPU
		{0602CF74-F86F-42EC-A524-7790D3F55606}.Debug|x86.Build.0 = Debug|Any CPU
		{0602CF74-F86F-42EC-A524-7790D3F55606}.Release|Any CPU.ActiveCfg = Release|Any CPU
		{0602CF74-F86F-42EC-A524-7790D3F55606}.Release|Any CPU.Build.0 = Release|Any CPU
		{0602CF74-F86F-42EC-A524-7790D3F55606}.Release|ARM.ActiveCfg = Release|Any CPU
		{0602CF74-F86F-42EC-A524-7790D3F55606}.Release|ARM.Build.0 = Release|Any CPU
		{0602CF74-F86F-42EC-A524-7790D3F55606}.Release|iPhone.ActiveCfg = Release|Any CPU
		{0602CF74-F86F-42EC-A524-7790D3F55606}.Release|iPhone.Build.0 = Release|Any CPU
		{0602CF74-F86F-42EC-A524-7790D3F55606}.Release|iPhoneSimulator.ActiveCfg = Release|Any CPU
		{0602CF74-F86F-42EC-A524-7790D3F55606}.Release|iPhoneSimulator.Build.0 = Release|Any CPU
		{0602CF74-F86F-42EC-A524-7790D3F55606}.Release|x64.ActiveCfg = Release|Any CPU
		{0602CF74-F86F-42EC-A524-7790D3F55606}.Release|x64.Build.0 = Release|Any CPU
		{0602CF74-F86F-42EC-A524-7790D3F55606}.Release|x86.ActiveCfg = Release|Any CPU
		{0602CF74-F86F-42EC-A524-7790D3F55606}.Release|x86.Build.0 = Release|Any CPU
	EndGlobalSection
	GlobalSection(SolutionProperties) = preSolution
		HideSolutionNode = FALSE
	EndGlobalSection
	GlobalSection(ExtensibilityGlobals) = postSolution
		SolutionGuid = {094C517D-50BF-4319-BC8B-AE8097EE80F5}
	EndGlobalSection
	GlobalSection(NestedProjects) = preSolution
		{6C36F251-BF0A-4EF4-9703-377A96AA0BB7} = {B85B79D7-6536-448E-B9F5-C42B0843E322}
		{30ADA1C3-11E9-4C29-BB4F-FF0028E0106C} = {B85B79D7-6536-448E-B9F5-C42B0843E322}
		{146FB44D-13AC-4A06-AC80-C2EB0A96671B} = {B85B79D7-6536-448E-B9F5-C42B0843E322}
	EndGlobalSection
EndGlobal
